
Microsoft Visual Studio Solution File, Format Version 12.00
# Visual Studio 2012
Project("{FAE04EC0-301F-11D3-BF4B-00C04F79EFBC}") = "GUI", "GUI\GUI.csproj", "{15DB9E63-6D10-48FA-A0B9-8CCCA2B293B9}"
EndProject
Project("{FAE04EC0-301F-11D3-BF4B-00C04F79EFBC}") = "DAL", "DAL\DAL.csproj", "{045B4C3A-A60D-48A8-8BBC-CFB913AF2766}"
EndProject
Project("{FAE04EC0-301F-11D3-BF4B-00C04F79EFBC}") = "BLL", "BLL\BLL.csproj", "{E185425A-CC65-4F5E-A162-E152E731820F}"
EndProject
Project("{6141683F-8A12-4E36-9623-2EB02B2C2303}") = "Setup", "Setup\Setup.isproj", "{E5E557BC-2E7A-4DBD-9E2A-634F09DAF2D7}"
	ProjectSection(ProjectDependencies) = postProject
		{045B4C3A-A60D-48A8-8BBC-CFB913AF2766} = {045B4C3A-A60D-48A8-8BBC-CFB913AF2766}
		{E185425A-CC65-4F5E-A162-E152E731820F} = {E185425A-CC65-4F5E-A162-E152E731820F}
		{15DB9E63-6D10-48FA-A0B9-8CCCA2B293B9} = {15DB9E63-6D10-48FA-A0B9-8CCCA2B293B9}
	EndProjectSection
EndProject
Global
	GlobalSection(SolutionConfigurationPlatforms) = preSolution
		CD_ROM|Any CPU = CD_ROM|Any CPU
		Debug|Any CPU = Debug|Any CPU
		DVD-5|Any CPU = DVD-5|Any CPU
		Release|Any CPU = Release|Any CPU
		SingleImage|Any CPU = SingleImage|Any CPU
	EndGlobalSection
	GlobalSection(ProjectConfigurationPlatforms) = postSolution
		{15DB9E63-6D10-48FA-A0B9-8CCCA2B293B9}.CD_ROM|Any CPU.ActiveCfg = Release|Any CPU
		{15DB9E63-6D10-48FA-A0B9-8CCCA2B293B9}.CD_ROM|Any CPU.Build.0 = Release|Any CPU
		{15DB9E63-6D10-48FA-A0B9-8CCCA2B293B9}.Debug|Any CPU.ActiveCfg = Debug|Any CPU
		{15DB9E63-6D10-48FA-A0B9-8CCCA2B293B9}.Debug|Any CPU.Build.0 = Debug|Any CPU
		{15DB9E63-6D10-48FA-A0B9-8CCCA2B293B9}.DVD-5|Any CPU.ActiveCfg = Debug|Any CPU
		{15DB9E63-6D10-48FA-A0B9-8CCCA2B293B9}.DVD-5|Any CPU.Build.0 = Debug|Any CPU
		{15DB9E63-6D10-48FA-A0B9-8CCCA2B293B9}.Release|Any CPU.ActiveCfg = Release|Any CPU
		{15DB9E63-6D10-48FA-A0B9-8CCCA2B293B9}.Release|Any CPU.Build.0 = Release|Any CPU
		{15DB9E63-6D10-48FA-A0B9-8CCCA2B293B9}.SingleImage|Any CPU.ActiveCfg = Release|Any CPU
		{15DB9E63-6D10-48FA-A0B9-8CCCA2B293B9}.SingleImage|Any CPU.Build.0 = Release|Any CPU
		{045B4C3A-A60D-48A8-8BBC-CFB913AF2766}.CD_ROM|Any CPU.ActiveCfg = Release|Any CPU
		{045B4C3A-A60D-48A8-8BBC-CFB913AF2766}.CD_ROM|Any CPU.Build.0 = Release|Any CPU
		{045B4C3A-A60D-48A8-8BBC-CFB913AF2766}.Debug|Any CPU.ActiveCfg = Debug|Any CPU
		{045B4C3A-A60D-48A8-8BBC-CFB913AF2766}.Debug|Any CPU.Build.0 = Debug|Any CPU
		{045B4C3A-A60D-48A8-8BBC-CFB913AF2766}.DVD-5|Any CPU.ActiveCfg = Debug|Any CPU
		{045B4C3A-A60D-48A8-8BBC-CFB913AF2766}.DVD-5|Any CPU.Build.0 = Debug|Any CPU
		{045B4C3A-A60D-48A8-8BBC-CFB913AF2766}.Release|Any CPU.ActiveCfg = Release|Any CPU
		{045B4C3A-A60D-48A8-8BBC-CFB913AF2766}.Release|Any CPU.Build.0 = Release|Any CPU
		{045B4C3A-A60D-48A8-8BBC-CFB913AF2766}.SingleImage|Any CPU.ActiveCfg = Release|Any CPU
		{045B4C3A-A60D-48A8-8BBC-CFB913AF2766}.SingleImage|Any CPU.Build.0 = Release|Any CPU
		{E185425A-CC65-4F5E-A162-E152E731820F}.CD_ROM|Any CPU.ActiveCfg = Release|Any CPU
		{E185425A-CC65-4F5E-A162-E152E731820F}.CD_ROM|Any CPU.Build.0 = Release|Any CPU
		{E185425A-CC65-4F5E-A162-E152E731820F}.Debug|Any CPU.ActiveCfg = Debug|Any CPU
		{E185425A-CC65-4F5E-A162-E152E731820F}.Debug|Any CPU.Build.0 = Debug|Any CPU
		{E185425A-CC65-4F5E-A162-E152E731820F}.DVD-5|Any CPU.ActiveCfg = Debug|Any CPU
		{E185425A-CC65-4F5E-A162-E152E731820F}.DVD-5|Any CPU.Build.0 = Debug|Any CPU
		{E185425A-CC65-4F5E-A162-E152E731820F}.Release|Any CPU.ActiveCfg = Release|Any CPU
		{E185425A-CC65-4F5E-A162-E152E731820F}.Release|Any CPU.Build.0 = Release|Any CPU
		{E185425A-CC65-4F5E-A162-E152E731820F}.SingleImage|Any CPU.ActiveCfg = Release|Any CPU
		{E185425A-CC65-4F5E-A162-E152E731820F}.SingleImage|Any CPU.Build.0 = Release|Any CPU
		{E5E557BC-2E7A-4DBD-9E2A-634F09DAF2D7}.CD_ROM|Any CPU.ActiveCfg = CD_ROM
		{E5E557BC-2E7A-4DBD-9E2A-634F09DAF2D7}.CD_ROM|Any CPU.Build.0 = CD_ROM
		{E5E557BC-2E7A-4DBD-9E2A-634F09DAF2D7}.Debug|Any CPU.ActiveCfg = DVD-5
		{E5E557BC-2E7A-4DBD-9E2A-634F09DAF2D7}.Debug|Any CPU.Build.0 = DVD-5
		{E5E557BC-2E7A-4DBD-9E2A-634F09DAF2D7}.DVD-5|Any CPU.ActiveCfg = DVD-5
		{E5E557BC-2E7A-4DBD-9E2A-634F09DAF2D7}.DVD-5|Any CPU.Build.0 = DVD-5
		{E5E557BC-2E7A-4DBD-9E2A-634F09DAF2D7}.Release|Any CPU.ActiveCfg = SingleImage
		{E5E557BC-2E7A-4DBD-9E2A-634F09DAF2D7}.Release|Any CPU.Build.0 = SingleImage
		{E5E557BC-2E7A-4DBD-9E2A-634F09DAF2D7}.SingleImage|Any CPU.ActiveCfg = SingleImage
		{E5E557BC-2E7A-4DBD-9E2A-634F09DAF2D7}.SingleImage|Any CPU.Build.0 = SingleImage
	EndGlobalSection
	GlobalSection(SolutionProperties) = preSolution
		HideSolutionNode = FALSE
	EndGlobalSection
EndGlobal
